
Microsoft Visual Studio Solution File, Format Version 12.00
# Visual Studio Version 16
VisualStudioVersion = 16.0.29306.81
MinimumVisualStudioVersion = 10.0.40219.1
Project("{8BC9CEB8-8B4A-11D0-8D11-00A0C91BC942}") = "Sudoku", "Sudoku\Sudoku.vcxproj", "{90A89F18-4C96-475C-AEE0-7758193CCC1E}"
EndProject
Global
	GlobalSection(SolutionConfigurationPlatforms) = preSolution
		Debug|x64 = Debug|x64
		Debug|x86 = Debug|x86
		Release|x64 = Release|x64
		Release|x86 = Release|x86
	EndGlobalSection
	GlobalSection(ProjectConfigurationPlatforms) = postSolution
		{90A89F18-4C96-475C-AEE0-7758193CCC1E}.Debug|x64.ActiveCfg = Debug|x64
		{90A89F18-4C96-475C-AEE0-7758193CCC1E}.Debug|x64.Build.0 = Debug|x64
		{90A89F18-4C96-475C-AEE0-7758193CCC1E}.Debug|x86.ActiveCfg = Debug|Win32
		{90A89F18-4C96-475C-AEE0-7758193CCC1E}.Debug|x86.Build.0 = Debug|Win32
		{90A89F18-4C96-475C-AEE0-7758193CCC1E}.Release|x64.ActiveCfg = Release|x64
		{90A89F18-4C96-475C-AEE0-7758193CCC1E}.Release|x64.Build.0 = Release|x64
		{90A89F18-4C96-475C-AEE0-7758193CCC1E}.Release|x86.ActiveCfg = Release|Win32
		{90A89F18-4C96-475C-AEE0-7758193CCC1E}.Release|x86.Build.0 = Release|Win32
	EndGlobalSection
	GlobalSection(SolutionProperties) = preSolution
		HideSolutionNode = FALSE
	EndGlobalSection
	GlobalSection(ExtensibilityGlobals) = postSolution
		SolutionGuid = {D5985638-6961-4F4D-8518-AB2E85366020}
	EndGlobalSection
EndGlobal
